
Microsoft Visual Studio Solution File, Format Version 12.00
# Visual Studio Version 17
VisualStudioVersion = 17.0.31903.59
MinimumVisualStudioVersion = 10.0.40219.1
Project("{FAE04EC0-301F-11D3-BF4B-00C04F79EFBC}") = "RepositoryPattern", "RepositoryPattern\RepositoryPattern.csproj", "{EBD9E23A-358C-4B5E-9D47-B0507F92938E}"
EndProject
Project("{FAE04EC0-301F-11D3-BF4B-00C04F79EFBC}") = "GenericRepositoryPattern", "GenericRepositoryPattern\GenericRepositoryPattern.csproj", "{E836E084-F30F-49EB-9CD6-FB6CF4F2F887}"
EndProject
Project("{FAE04EC0-301F-11D3-BF4B-00C04F79EFBC}") = "UnitOfWorkGenericRepositoryPattern", "UnitOfWorkGenericRepositoryPattern\UnitOfWorkGenericRepositoryPattern.csproj", "{13A20120-B036-4FBD-8F0D-861416A06AA4}"
EndProject
Project("{2150E333-8FDC-42A3-9474-1A3956D46DE8}") = "CQRSMediatorPattern", "CQRSMediatorPattern", "{630A2584-BB20-4A01-AE57-14E4B87F9799}"
EndProject
Project("{FAE04EC0-301F-11D3-BF4B-00C04F79EFBC}") = "CQRSMediatRDemo", "CQRSMediatorPattern\CQRSMediatRDemo\CQRSMediatRDemo.csproj", "{106C719A-B03B-4033-A248-892AA4DDD15D}"
EndProject
Global
	GlobalSection(SolutionConfigurationPlatforms) = preSolution
		Debug|Any CPU = Debug|Any CPU
		Release|Any CPU = Release|Any CPU
	EndGlobalSection
	GlobalSection(SolutionProperties) = preSolution
		HideSolutionNode = FALSE
	EndGlobalSection
	GlobalSection(ProjectConfigurationPlatforms) = postSolution
		{EBD9E23A-358C-4B5E-9D47-B0507F92938E}.Debug|Any CPU.ActiveCfg = Debug|Any CPU
		{EBD9E23A-358C-4B5E-9D47-B0507F92938E}.Debug|Any CPU.Build.0 = Debug|Any CPU
		{EBD9E23A-358C-4B5E-9D47-B0507F92938E}.Release|Any CPU.ActiveCfg = Release|Any CPU
		{EBD9E23A-358C-4B5E-9D47-B0507F92938E}.Release|Any CPU.Build.0 = Release|Any CPU
		{E836E084-F30F-49EB-9CD6-FB6CF4F2F887}.Debug|Any CPU.ActiveCfg = Debug|Any CPU
		{E836E084-F30F-49EB-9CD6-FB6CF4F2F887}.Debug|Any CPU.Build.0 = Debug|Any CPU
		{E836E084-F30F-49EB-9CD6-FB6CF4F2F887}.Release|Any CPU.ActiveCfg = Release|Any CPU
		{E836E084-F30F-49EB-9CD6-FB6CF4F2F887}.Release|Any CPU.Build.0 = Release|Any CPU
		{13A20120-B036-4FBD-8F0D-861416A06AA4}.Debug|Any CPU.ActiveCfg = Debug|Any CPU
		{13A20120-B036-4FBD-8F0D-861416A06AA4}.Debug|Any CPU.Build.0 = Debug|Any CPU
		{13A20120-B036-4FBD-8F0D-861416A06AA4}.Release|Any CPU.ActiveCfg = Release|Any CPU
		{13A20120-B036-4FBD-8F0D-861416A06AA4}.Release|Any CPU.Build.0 = Release|Any CPU
		{106C719A-B03B-4033-A248-892AA4DDD15D}.Debug|Any CPU.ActiveCfg = Debug|Any CPU
		{106C719A-B03B-4033-A248-892AA4DDD15D}.Debug|Any CPU.Build.0 = Debug|Any CPU
		{106C719A-B03B-4033-A248-892AA4DDD15D}.Release|Any CPU.ActiveCfg = Release|Any CPU
		{106C719A-B03B-4033-A248-892AA4DDD15D}.Release|Any CPU.Build.0 = Release|Any CPU
	EndGlobalSection
	GlobalSection(NestedProjects) = preSolution
		{106C719A-B03B-4033-A248-892AA4DDD15D} = {630A2584-BB20-4A01-AE57-14E4B87F9799}
	EndGlobalSection
EndGlobal
