
Microsoft Visual Studio Solution File, Format Version 12.00
# Visual Studio Version 17
VisualStudioVersion = 17.0.31903.59
MinimumVisualStudioVersion = 10.0.40219.1
Project("{2150E333-8FDC-42A3-9474-1A3956D46DE8}") = "src", "src", "{138A94B3-2955-46E6-BDE9-C142DC4E365D}"
EndProject
Project("{FAE04EC0-301F-11D3-BF4B-00C04F79EFBC}") = "Setup.Domain", "src\Domain\Setup.Domain.csproj", "{E14A1239-1F89-4A78-852A-BE9851795208}"
EndProject
Project("{FAE04EC0-301F-11D3-BF4B-00C04F79EFBC}") = "Setup.Application", "src\Application\Setup.Application.csproj", "{D402E423-BB6B-4023-B98E-8857DA8A136C}"
EndProject
Global
	GlobalSection(SolutionConfigurationPlatforms) = preSolution
		Debug|Any CPU = Debug|Any CPU
		Release|Any CPU = Release|Any CPU
	EndGlobalSection
	GlobalSection(SolutionProperties) = preSolution
		HideSolutionNode = FALSE
	EndGlobalSection
	GlobalSection(ProjectConfigurationPlatforms) = postSolution
		{E14A1239-1F89-4A78-852A-BE9851795208}.Debug|Any CPU.ActiveCfg = Debug|Any CPU
		{E14A1239-1F89-4A78-852A-BE9851795208}.Debug|Any CPU.Build.0 = Debug|Any CPU
		{E14A1239-1F89-4A78-852A-BE9851795208}.Release|Any CPU.ActiveCfg = Release|Any CPU
		{E14A1239-1F89-4A78-852A-BE9851795208}.Release|Any CPU.Build.0 = Release|Any CPU
		{D402E423-BB6B-4023-B98E-8857DA8A136C}.Debug|Any CPU.ActiveCfg = Debug|Any CPU
		{D402E423-BB6B-4023-B98E-8857DA8A136C}.Debug|Any CPU.Build.0 = Debug|Any CPU
		{D402E423-BB6B-4023-B98E-8857DA8A136C}.Release|Any CPU.ActiveCfg = Release|Any CPU
		{D402E423-BB6B-4023-B98E-8857DA8A136C}.Release|Any CPU.Build.0 = Release|Any CPU
	EndGlobalSection
	GlobalSection(NestedProjects) = preSolution
		{E14A1239-1F89-4A78-852A-BE9851795208} = {138A94B3-2955-46E6-BDE9-C142DC4E365D}
		{D402E423-BB6B-4023-B98E-8857DA8A136C} = {138A94B3-2955-46E6-BDE9-C142DC4E365D}
	EndGlobalSection
EndGlobal
